
Microsoft Visual Studio Solution File, Format Version 12.00
# Visual Studio Version 17
VisualStudioVersion = 17.9.34518.117
MinimumVisualStudioVersion = 10.0.40219.1
Project("{FAE04EC0-301F-11D3-BF4B-00C04F79EFBC}") = "DemoFuncAPI", "DemoFuncAPI.csproj", "{46B9CEAF-4134-454D-9267-A03F6B6C93D2}"
EndProject
Global
	GlobalSection(SolutionConfigurationPlatforms) = preSolution
		Debug|Any CPU = Debug|Any CPU
		Release|Any CPU = Release|Any CPU
	EndGlobalSection
	GlobalSection(ProjectConfigurationPlatforms) = postSolution
		{46B9CEAF-4134-454D-9267-A03F6B6C93D2}.Debug|Any CPU.ActiveCfg = Debug|Any CPU
		{46B9CEAF-4134-454D-9267-A03F6B6C93D2}.Debug|Any CPU.Build.0 = Debug|Any CPU
		{46B9CEAF-4134-454D-9267-A03F6B6C93D2}.Release|Any CPU.ActiveCfg = Release|Any CPU
		{46B9CEAF-4134-454D-9267-A03F6B6C93D2}.Release|Any CPU.Build.0 = Release|Any CPU
	EndGlobalSection
	GlobalSection(SolutionProperties) = preSolution
		HideSolutionNode = FALSE
	EndGlobalSection
	GlobalSection(ExtensibilityGlobals) = postSolution
		SolutionGuid = {6799B48A-D735-42D7-8844-3D711A36931D}
	EndGlobalSection
EndGlobal
